github.com/hugo-toha/hugo-toha.github.io v0.0.0-20250414165228-73cacf9c8823 h1:ZqgU5CETiaU2Fxw4N78BHaUmVc77PjIm3Xeqj9dNKEI=
github.com/hugo-toha/hugo-toha.github.io v0.0.0-20250414165228-73cacf9c8823/go.mod h1:4N3Q3zS7tVAPBDdsIhjHSJ10B13T55E3y7ze51O0LPw=
github.com/hugo-toha/toha/v4 v4.8.0 h1:TYNqOsr01q73R5Sgz7lonXoX39dIl22lZhQy/V421so=
github.com/hugo-toha/toha/v4 v4.8.0/go.mod h1:TU/6WXz7fJ3BSrTS+K/sVctzUMF4pB4ZwKWzFBFra8g=
github.com/hugo-toha/toha/v4 v4.8.1-0.20250414164834-722336146405 h1:mtvxiwJejXsvpJ3WrHO3gHkbflAvqEOs9kNepNmUabc=
github.com/hugo-toha/toha/v4 v4.8.1-0.20250414164834-722336146405/go.mod h1:TU/6WXz7fJ3BSrTS+K/sVctzUMF4pB4ZwKWzFBFra8g=
